// !$*UTF8*$!
{
	archiveVersion = 1;
	classes = {
	};
	objectVersion = 55;
	objects = {

/* Begin PBXBuildFile section */
		D28705D1288D36E0000B1AFA /* AppDelegate.swift in Sources */ = {isa = PBXBuildFile; fileRef = D28705D0288D36E0000B1AFA /* AppDelegate.swift */; };
		D28705D3288D36E0000B1AFA /* SceneDelegate.swift in Sources */ = {isa = PBXBuildFile; fileRef = D28705D2288D36E0000B1AFA /* SceneDelegate.swift */; };
		D28705D5288D36E0000B1AFA /* ViewController.swift in Sources */ = {isa = PBXBuildFile; fileRef = D28705D4288D36E0000B1AFA /* ViewController.swift */; };
		D28705D8288D36E0000B1AFA /* Main.storyboard in Resources */ = {isa = PBXBuildFile; fileRef = D28705D6288D36E0000B1AFA /* Main.storyboard */; };
		D28705DA288D36E1000B1AFA /* Assets.xcassets in Resources */ = {isa = PBXBuildFile; fileRef = D28705D9288D36E1000B1AFA /* Assets.xcassets */; };
		D28705DD288D36E1000B1AFA /* LaunchScreen.storyboard in Resources */ = {isa = PBXBuildFile; fileRef = D28705DB288D36E1000B1AFA /* LaunchScreen.storyboard */; };
		D2870660288D3CA2000B1AFA /* spain@2x.png in Resources */ = {isa = PBXBuildFile; fileRef = D2870648288D3CA2000B1AFA /* spain@2x.png */; };
		D2870661288D3CA2000B1AFA /* nigeria@2x.png in Resources */ = {isa = PBXBuildFile; fileRef = D2870649288D3CA2000B1AFA /* nigeria@2x.png */; };
		D2870662288D3CA2000B1AFA /* nigeria@3x.png in Resources */ = {isa = PBXBuildFile; fileRef = D287064A288D3CA2000B1AFA /* nigeria@3x.png */; };
		D2870663288D3CA2000B1AFA /* spain@3x.png in Resources */ = {isa = PBXBuildFile; fileRef = D287064B288D3CA2000B1AFA /* spain@3x.png */; };
		D2870664288D3CA2000B1AFA /* italy@3x.png in Resources */ = {isa = PBXBuildFile; fileRef = D287064C288D3CA2000B1AFA /* italy@3x.png */; };
		D2870665288D3CA2000B1AFA /* ireland@2x.png in Resources */ = {isa = PBXBuildFile; fileRef = D287064D288D3CA2000B1AFA /* ireland@2x.png */; };
		D2870666288D3CA2000B1AFA /* germany@3x.png in Resources */ = {isa = PBXBuildFile; fileRef = D287064E288D3CA2000B1AFA /* germany@3x.png */; };
		D2870667288D3CA2000B1AFA /* germany@2x.png in Resources */ = {isa = PBXBuildFile; fileRef = D287064F288D3CA2000B1AFA /* germany@2x.png */; };
		D2870668288D3CA2000B1AFA /* ireland@3x.png in Resources */ = {isa = PBXBuildFile; fileRef = D2870650288D3CA2000B1AFA /* ireland@3x.png */; };
		D2870669288D3CA2000B1AFA /* italy@2x.png in Resources */ = {isa = PBXBuildFile; fileRef = D2870651288D3CA2000B1AFA /* italy@2x.png */; };
		D287066A288D3CA2000B1AFA /* poland@2x.png in Resources */ = {isa = PBXBuildFile; fileRef = D2870652288D3CA2000B1AFA /* poland@2x.png */; };
		D287066B288D3CA2000B1AFA /* russia@2x.png in Resources */ = {isa = PBXBuildFile; fileRef = D2870653288D3CA2000B1AFA /* russia@2x.png */; };
		D287066C288D3CA2000B1AFA /* estonia@2x.png in Resources */ = {isa = PBXBuildFile; fileRef = D2870654288D3CA2000B1AFA /* estonia@2x.png */; };
		D287066D288D3CA2000B1AFA /* estonia@3x.png in Resources */ = {isa = PBXBuildFile; fileRef = D2870655288D3CA2000B1AFA /* estonia@3x.png */; };
		D287066E288D3CA2000B1AFA /* russia@3x.png in Resources */ = {isa = PBXBuildFile; fileRef = D2870656288D3CA2000B1AFA /* russia@3x.png */; };
		D287066F288D3CA2000B1AFA /* poland@3x.png in Resources */ = {isa = PBXBuildFile; fileRef = D2870657288D3CA2000B1AFA /* poland@3x.png */; };
		D2870670288D3CA2000B1AFA /* uk@3x.png in Resources */ = {isa = PBXBuildFile; fileRef = D2870658288D3CA2000B1AFA /* uk@3x.png */; };
		D2870671288D3CA2000B1AFA /* us@3x.png in Resources */ = {isa = PBXBuildFile; fileRef = D2870659288D3CA2000B1AFA /* us@3x.png */; };
		D2870672288D3CA2000B1AFA /* france@3x.png in Resources */ = {isa = PBXBuildFile; fileRef = D287065A288D3CA2000B1AFA /* france@3x.png */; };
		D2870673288D3CA2000B1AFA /* monaco@2x.png in Resources */ = {isa = PBXBuildFile; fileRef = D287065B288D3CA2000B1AFA /* monaco@2x.png */; };
		D2870674288D3CA2000B1AFA /* monaco@3x.png in Resources */ = {isa = PBXBuildFile; fileRef = D287065C288D3CA2000B1AFA /* monaco@3x.png */; };
		D2870675288D3CA2000B1AFA /* france@2x.png in Resources */ = {isa = PBXBuildFile; fileRef = D287065D288D3CA2000B1AFA /* france@2x.png */; };
		D2870676288D3CA2000B1AFA /* us@2x.png in Resources */ = {isa = PBXBuildFile; fileRef = D287065E288D3CA2000B1AFA /* us@2x.png */; };
		D2870677288D3CA2000B1AFA /* uk@2x.png in Resources */ = {isa = PBXBuildFile; fileRef = D287065F288D3CA2000B1AFA /* uk@2x.png */; };
		D2FB2AA9288D7F520080E923 /* DetailViewController.swift in Sources */ = {isa = PBXBuildFile; fileRef = D2FB2AA8288D7F520080E923 /* DetailViewController.swift */; };
/* End PBXBuildFile section */

/* Begin PBXFileReference section */
		D28705CD288D36E0000B1AFA /* day23challenge.app */ = {isa = PBXFileReference; explicitFileType = wrapper.application; includeInIndex = 0; path = day23challenge.app; sourceTree = BUILT_PRODUCTS_DIR; };
		D28705D0288D36E0000B1AFA /* AppDelegate.swift */ = {isa = PBXFileReference; lastKnownFileType = sourcecode.swift; path = AppDelegate.swift; sourceTree = "<group>"; };
		D28705D2288D36E0000B1AFA /* SceneDelegate.swift */ = {isa = PBXFileReference; lastKnownFileType = sourcecode.swift; path = SceneDelegate.swift; sourceTree = "<group>"; };
		D28705D4288D36E0000B1AFA /* ViewController.swift */ = {isa = PBXFileReference; lastKnownFileType = sourcecode.swift; path = ViewController.swift; sourceTree = "<group>"; };
		D28705D7288D36E0000B1AFA /* Base */ = {isa = PBXFileReference; lastKnownFileType = file.storyboard; name = Base; path = Base.lproj/Main.storyboard; sourceTree = "<group>"; };
		D28705D9288D36E1000B1AFA /* Assets.xcassets */ = {isa = PBXFileReference; lastKnownFileType = folder.assetcatalog; path = Assets.xcassets; sourceTree = "<group>"; };
		D28705DC288D36E1000B1AFA /* Base */ = {isa = PBXFileReference; lastKnownFileType = file.storyboard; name = Base; path = Base.lproj/LaunchScreen.storyboard; sourceTree = "<group>"; };
		D28705DE288D36E1000B1AFA /* Info.plist */ = {isa = PBXFileReference; lastKnownFileType = text.plist.xml; path = Info.plist; sourceTree = "<group>"; };
		D2870648288D3CA2000B1AFA /* spain@2x.png */ = {isa = PBXFileReference; lastKnownFileType = image.png; path = "spain@2x.png"; sourceTree = "<group>"; };
		D2870649288D3CA2000B1AFA /* nigeria@2x.png */ = {isa = PBXFileReference; lastKnownFileType = image.png; path = "nigeria@2x.png"; sourceTree = "<group>"; };
		D287064A288D3CA2000B1AFA /* nigeria@3x.png */ = {isa = PBXFileReference; lastKnownFileType = image.png; path = "nigeria@3x.png"; sourceTree = "<group>"; };
		D287064B288D3CA2000B1AFA /* spain@3x.png */ = {isa = PBXFileReference; lastKnownFileType = image.png; path = "spain@3x.png"; sourceTree = "<group>"; };
		D287064C288D3CA2000B1AFA /* italy@3x.png */ = {isa = PBXFileReference; lastKnownFileType = image.png; path = "italy@3x.png"; sourceTree = "<group>"; };
		D287064D288D3CA2000B1AFA /* ireland@2x.png */ = {isa = PBXFileReference; lastKnownFileType = image.png; path = "ireland@2x.png"; sourceTree = "<group>"; };
		D287064E288D3CA2000B1AFA /* germany@3x.png */ = {isa = PBXFileReference; lastKnownFileType = image.png; path = "germany@3x.png"; sourceTree = "<group>"; };
		D287064F288D3CA2000B1AFA /* germany@2x.png */ = {isa = PBXFileReference; lastKnownFileType = image.png; path = "germany@2x.png"; sourceTree = "<group>"; };
		D2870650288D3CA2000B1AFA /* ireland@3x.png */ = {isa = PBXFileReference; lastKnownFileType = image.png; path = "ireland@3x.png"; sourceTree = "<group>"; };
		D2870651288D3CA2000B1AFA /* italy@2x.png */ = {isa = PBXFileReference; lastKnownFileType = image.png; path = "italy@2x.png"; sourceTree = "<group>"; };
		D2870652288D3CA2000B1AFA /* poland@2x.png */ = {isa = PBXFileReference; lastKnownFileType = image.png; path = "poland@2x.png"; sourceTree = "<group>"; };
		D2870653288D3CA2000B1AFA /* russia@2x.png */ = {isa = PBXFileReference; lastKnownFileType = image.png; path = "russia@2x.png"; sourceTree = "<group>"; };
		D2870654288D3CA2000B1AFA /* estonia@2x.png */ = {isa = PBXFileReference; lastKnownFileType = image.png; path = "estonia@2x.png"; sourceTree = "<group>"; };
		D2870655288D3CA2000B1AFA /* estonia@3x.png */ = {isa = PBXFileReference; lastKnownFileType = image.png; path = "estonia@3x.png"; sourceTree = "<group>"; };
		D2870656288D3CA2000B1AFA /* russia@3x.png */ = {isa = PBXFileReference; lastKnownFileType = image.png; path = "russia@3x.png"; sourceTree = "<group>"; };
		D2870657288D3CA2000B1AFA /* poland@3x.png */ = {isa = PBXFileReference; lastKnownFileType = image.png; path = "poland@3x.png"; sourceTree = "<group>"; };
		D2870658288D3CA2000B1AFA /* uk@3x.png */ = {isa = PBXFileReference; lastKnownFileType = image.png; path = "uk@3x.png"; sourceTree = "<group>"; };
		D2870659288D3CA2000B1AFA /* us@3x.png */ = {isa = PBXFileReference; lastKnownFileType = image.png; path = "us@3x.png"; sourceTree = "<group>"; };
		D287065A288D3CA2000B1AFA /* france@3x.png */ = {isa = PBXFileReference; lastKnownFileType = image.png; path = "france@3x.png"; sourceTree = "<group>"; };
		D287065B288D3CA2000B1AFA /* monaco@2x.png */ = {isa = PBXFileReference; lastKnownFileType = image.png; path = "monaco@2x.png"; sourceTree = "<group>"; };
		D287065C288D3CA2000B1AFA /* monaco@3x.png */ = {isa = PBXFileReference; lastKnownFileType = image.png; path = "monaco@3x.png"; sourceTree = "<group>"; };
		D287065D288D3CA2000B1AFA /* france@2x.png */ = {isa = PBXFileReference; lastKnownFileType = image.png; path = "france@2x.png"; sourceTree = "<group>"; };
		D287065E288D3CA2000B1AFA /* us@2x.png */ = {isa = PBXFileReference; lastKnownFileType = image.png; path = "us@2x.png"; sourceTree = "<group>"; };
		D287065F288D3CA2000B1AFA /* uk@2x.png */ = {isa = PBXFileReference; lastKnownFileType = image.png; path = "uk@2x.png"; sourceTree = "<group>"; };
		D2FB2AA8288D7F520080E923 /* DetailViewController.swift */ = {isa = PBXFileReference; lastKnownFileType = sourcecode.swift; path = DetailViewController.swift; sourceTree = "<group>"; };
/* End PBXFileReference section */

/* Begin PBXFrameworksBuildPhase section */
		D28705CA288D36E0000B1AFA /* Frameworks */ = {
			isa = PBXFrameworksBuildPhase;
			buildActionMask = 2147483647;
			files = (
			);
			runOnlyForDeploymentPostprocessing = 0;
		};
/* End PBXFrameworksBuildPhase section */

/* Begin PBXGroup section */
		D28705C4288D36E0000B1AFA = {
			isa = PBXGroup;
			children = (
				D28705CF288D36E0000B1AFA /* day23challenge */,
				D28705CE288D36E0000B1AFA /* Products */,
			);
			sourceTree = "<group>";
		};
		D28705CE288D36E0000B1AFA /* Products */ = {
			isa = PBXGroup;
			children = (
				D28705CD288D36E0000B1AFA /* day23challenge.app */,
			);
			name = Products;
			sourceTree = "<group>";
		};
		D28705CF288D36E0000B1AFA /* day23challenge */ = {
			isa = PBXGroup;
			children = (
				D28705D0288D36E0000B1AFA /* AppDelegate.swift */,
				D28705D2288D36E0000B1AFA /* SceneDelegate.swift */,
				D28705D4288D36E0000B1AFA /* ViewController.swift */,
				D2FB2AA8288D7F520080E923 /* DetailViewController.swift */,
				D28705D6288D36E0000B1AFA /* Main.storyboard */,
				D28705D9288D36E1000B1AFA /* Assets.xcassets */,
				D28705DB288D36E1000B1AFA /* LaunchScreen.storyboard */,
				D28705DE288D36E1000B1AFA /* Info.plist */,
				D2870647288D3CA2000B1AFA /* project2-files */,
			);
			path = day23challenge;
			sourceTree = "<group>";
		};
		D2870647288D3CA2000B1AFA /* project2-files */ = {
			isa = PBXGroup;
			children = (
				D2870648288D3CA2000B1AFA /* spain@2x.png */,
				D2870649288D3CA2000B1AFA /* nigeria@2x.png */,
				D287064A288D3CA2000B1AFA /* nigeria@3x.png */,
				D287064B288D3CA2000B1AFA /* spain@3x.png */,
				D287064C288D3CA2000B1AFA /* italy@3x.png */,
				D287064D288D3CA2000B1AFA /* ireland@2x.png */,
				D287064E288D3CA2000B1AFA /* germany@3x.png */,
				D287064F288D3CA2000B1AFA /* germany@2x.png */,
				D2870650288D3CA2000B1AFA /* ireland@3x.png */,
				D2870651288D3CA2000B1AFA /* italy@2x.png */,
				D2870652288D3CA2000B1AFA /* poland@2x.png */,
				D2870653288D3CA2000B1AFA /* russia@2x.png */,
				D2870654288D3CA2000B1AFA /* estonia@2x.png */,
				D2870655288D3CA2000B1AFA /* estonia@3x.png */,
				D2870656288D3CA2000B1AFA /* russia@3x.png */,
				D2870657288D3CA2000B1AFA /* poland@3x.png */,
				D2870658288D3CA2000B1AFA /* uk@3x.png */,
				D2870659288D3CA2000B1AFA /* us@3x.png */,
				D287065A288D3CA2000B1AFA /* france@3x.png */,
				D287065B288D3CA2000B1AFA /* monaco@2x.png */,
				D287065C288D3CA2000B1AFA /* monaco@3x.png */,
				D287065D288D3CA2000B1AFA /* france@2x.png */,
				D287065E288D3CA2000B1AFA /* us@2x.png */,
				D287065F288D3CA2000B1AFA /* uk@2x.png */,
			);
			path = "project2-files";
			sourceTree = "<group>";
		};
/* End PBXGroup section */

/* Begin PBXNativeTarget section */
		D28705CC288D36E0000B1AFA /* day23challenge */ = {
			isa = PBXNativeTarget;
			buildConfigurationList = D28705E1288D36E1000B1AFA /* Build configuration list for PBXNativeTarget "day23challenge" */;
			buildPhases = (
				D28705C9288D36E0000B1AFA /* Sources */,
				D28705CA288D36E0000B1AFA /* Frameworks */,
				D28705CB288D36E0000B1AFA /* Resources */,
			);
			buildRules = (
			);
			dependencies = (
			);
			name = day23challenge;
			productName = day23challenge;
			productReference = D28705CD288D36E0000B1AFA /* day23challenge.app */;
			productType = "com.apple.product-type.application";
		};
/* End PBXNativeTarget section */

/* Begin PBXProject section */
		D28705C5288D36E0000B1AFA /* Project object */ = {
			isa = PBXProject;
			attributes = {
				BuildIndependentTargetsInParallel = 1;
				LastSwiftUpdateCheck = 1340;
				LastUpgradeCheck = 1340;
				TargetAttributes = {
					D28705CC288D36E0000B1AFA = {
						CreatedOnToolsVersion = 13.4.1;
					};
				};
			};
			buildConfigurationList = D28705C8288D36E0000B1AFA /* Build configuration list for PBXProject "day23challenge" */;
			compatibilityVersion = "Xcode 13.0";
			developmentRegion = en;
			hasScannedForEncodings = 0;
			knownRegions = (
				en,
				Base,
			);
			mainGroup = D28705C4288D36E0000B1AFA;
			productRefGroup = D28705CE288D36E0000B1AFA /* Products */;
			projectDirPath = "";
			projectRoot = "";
			targets = (
				D28705CC288D36E0000B1AFA /* day23challenge */,
			);
		};
/* End PBXProject section */

/* Begin PBXResourcesBuildPhase section */
		D28705CB288D36E0000B1AFA /* Resources */ = {
			isa = PBXResourcesBuildPhase;
			buildActionMask = 2147483647;
			files = (
				D2870674288D3CA2000B1AFA /* monaco@3x.png in Resources */,
				D2870661288D3CA2000B1AFA /* nigeria@2x.png in Resources */,
				D2870676288D3CA2000B1AFA /* us@2x.png in Resources */,
				D2870662288D3CA2000B1AFA /* nigeria@3x.png in Resources */,
				D287066F288D3CA2000B1AFA /* poland@3x.png in Resources */,
				D2870670288D3CA2000B1AFA /* uk@3x.png in Resources */,
				D2870675288D3CA2000B1AFA /* france@2x.png in Resources */,
				D2870669288D3CA2000B1AFA /* italy@2x.png in Resources */,
				D2870660288D3CA2000B1AFA /* spain@2x.png in Resources */,
				D2870666288D3CA2000B1AFA /* germany@3x.png in Resources */,
				D28705DD288D36E1000B1AFA /* LaunchScreen.storyboard in Resources */,
				D287066A288D3CA2000B1AFA /* poland@2x.png in Resources */,
				D28705DA288D36E1000B1AFA /* Assets.xcassets in Resources */,
				D2870664288D3CA2000B1AFA /* italy@3x.png in Resources */,
				D287066D288D3CA2000B1AFA /* estonia@3x.png in Resources */,
				D2870673288D3CA2000B1AFA /* monaco@2x.png in Resources */,
				D28705D8288D36E0000B1AFA /* Main.storyboard in Resources */,
				D2870665288D3CA2000B1AFA /* ireland@2x.png in Resources */,
				D2870667288D3CA2000B1AFA /* germany@2x.png in Resources */,
				D2870671288D3CA2000B1AFA /* us@3x.png in Resources */,
				D2870663288D3CA2000B1AFA /* spain@3x.png in Resources */,
				D287066B288D3CA2000B1AFA /* russia@2x.png in Resources */,
				D287066C288D3CA2000B1AFA /* estonia@2x.png in Resources */,
				D287066E288D3CA2000B1AFA /* russia@3x.png in Resources */,
				D2870677288D3CA2000B1AFA /* uk@2x.png in Resources */,
				D2870672288D3CA2000B1AFA /* france@3x.png in Resources */,
				D2870668288D3CA2000B1AFA /* ireland@3x.png in Resources */,
			);
			runOnlyForDeploymentPostprocessing = 0;
		};
/* End PBXResourcesBuildPhase section */

/* Begin PBXSourcesBuildPhase section */
		D28705C9288D36E0000B1AFA /* Sources */ = {
			isa = PBXSourcesBuildPhase;
			buildActionMask = 2147483647;
			files = (
				D28705D5288D36E0000B1AFA /* ViewController.swift in Sources */,
				D28705D1288D36E0000B1AFA /* AppDelegate.swift in Sources */,
				D28705D3288D36E0000B1AFA /* SceneDelegate.swift in Sources */,
				D2FB2AA9288D7F520080E923 /* DetailViewController.swift in Sources */,
			);
			runOnlyForDeploymentPostprocessing = 0;
		};
/* End PBXSourcesBuildPhase section */

/* Begin PBXVariantGroup section */
		D28705D6288D36E0000B1AFA /* Main.storyboard */ = {
			isa = PBXVariantGroup;
			children = (
				D28705D7288D36E0000B1AFA /* Base */,
			);
			name = Main.storyboard;
			sourceTree = "<group>";
		};
		D28705DB288D36E1000B1AFA /* LaunchScreen.storyboard */ = {
			isa = PBXVariantGroup;
			children = (
				D28705DC288D36E1000B1AFA /* Base */,
			);
			name = LaunchScreen.storyboard;
			sourceTree = "<group>";
		};
/* End PBXVariantGroup section */

/* Begin XCBuildConfiguration section */
		D28705DF288D36E1000B1AFA /* Debug */ = {
			isa = XCBuildConfiguration;
			buildSettings = {
				ALWAYS_SEARCH_USER_PATHS = NO;
				CLANG_ANALYZER_NONNULL = YES;
				CLANG_ANALYZER_NUMBER_OBJECT_CONVERSION = YES_AGGRESSIVE;
				CLANG_CXX_LANGUAGE_STANDARD = "gnu++17";
				CLANG_ENABLE_MODULES = YES;
				CLANG_ENABLE_OBJC_ARC = YES;
				CLANG_ENABLE_OBJC_WEAK = YES;
				CLANG_WARN_BLOCK_CAPTURE_AUTORELEASING = YES;
				CLANG_WARN_BOOL_CONVERSION = YES;
				CLANG_WARN_COMMA = YES;
				CLANG_WARN_CONSTANT_CONVERSION = YES;
				CLANG_WARN_DEPRECATED_OBJC_IMPLEMENTATIONS = YES;
				CLANG_WARN_DIRECT_OBJC_ISA_USAGE = YES_ERROR;
				CLANG_WARN_DOCUMENTATION_COMMENTS = YES;
				CLANG_WARN_EMPTY_BODY = YES;
				CLANG_WARN_ENUM_CONVERSION = YES;
				CLANG_WARN_INFINITE_RECURSION = YES;
				CLANG_WARN_INT_CONVERSION = YES;
				CLANG_WARN_NON_LITERAL_NULL_CONVERSION = YES;
				CLANG_WARN_OBJC_IMPLICIT_RETAIN_SELF = YES;
				CLANG_WARN_OBJC_LITERAL_CONVERSION = YES;
				CLANG_WARN_OBJC_ROOT_CLASS = YES_ERROR;
				CLANG_WARN_QUOTED_INCLUDE_IN_FRAMEWORK_HEADER = YES;
				CLANG_WARN_RANGE_LOOP_ANALYSIS = YES;
				CLANG_WARN_STRICT_PROTOTYPES = YES;
				CLANG_WARN_SUSPICIOUS_MOVE = YES;
				CLANG_WARN_UNGUARDED_AVAILABILITY = YES_AGGRESSIVE;
				CLANG_WARN_UNREACHABLE_CODE = YES;
				CLANG_WARN__DUPLICATE_METHOD_MATCH = YES;
				COPY_PHASE_STRIP = NO;
				DEBUG_INFORMATION_FORMAT = dwarf;
				ENABLE_STRICT_OBJC_MSGSEND = YES;
				ENABLE_TESTABILITY = YES;
				GCC_C_LANGUAGE_STANDARD = gnu11;
				GCC_DYNAMIC_NO_PIC = NO;
				GCC_NO_COMMON_BLOCKS = YES;
				GCC_OPTIMIZATION_LEVEL = 0;
				GCC_PREPROCESSOR_DEFINITIONS = (
					"DEBUG=1",
					"$(inherited)",
				);
				GCC_WARN_64_TO_32_BIT_CONVERSION = YES;
				GCC_WARN_ABOUT_RETURN_TYPE = YES_ERROR;
				GCC_WARN_UNDECLARED_SELECTOR = YES;
				GCC_WARN_UNINITIALIZED_AUTOS = YES_AGGRESSIVE;
				GCC_WARN_UNUSED_FUNCTION = YES;
				GCC_WARN_UNUSED_VARIABLE = YES;
				IPHONEOS_DEPLOYMENT_TARGET = 15.5;
				MTL_ENABLE_DEBUG_INFO = INCLUDE_SOURCE;
				MTL_FAST_MATH = YES;
				ONLY_ACTIVE_ARCH = YES;
				SDKROOT = iphoneos;
				SWIFT_ACTIVE_COMPILATION_CONDITIONS = DEBUG;
				SWIFT_OPTIMIZATION_LEVEL = "-Onone";
			};
			name = Debug;
		};
		D28705E0288D36E1000B1AFA /* Release */ = {
			isa = XCBuildConfiguration;
			buildSettings = {
				ALWAYS_SEARCH_USER_PATHS = NO;
				CLANG_ANALYZER_NONNULL = YES;
				CLANG_ANALYZER_NUMBER_OBJECT_CONVERSION = YES_AGGRESSIVE;
				CLANG_CXX_LANGUAGE_STANDARD = "gnu++17";
				CLANG_ENABLE_MODULES = YES;
				CLANG_ENABLE_OBJC_ARC = YES;
				CLANG_ENABLE_OBJC_WEAK = YES;
				CLANG_WARN_BLOCK_CAPTURE_AUTORELEASING = YES;
				CLANG_WARN_BOOL_CONVERSION = YES;
				CLANG_WARN_COMMA = YES;
				CLANG_WARN_CONSTANT_CONVERSION = YES;
				CLANG_WARN_DEPRECATED_OBJC_IMPLEMENTATIONS = YES;
				CLANG_WARN_DIRECT_OBJC_ISA_USAGE = YES_ERROR;
				CLANG_WARN_DOCUMENTATION_COMMENTS = YES;
				CLANG_WARN_EMPTY_BODY = YES;
				CLANG_WARN_ENUM_CONVERSION = YES;
				CLANG_WARN_INFINITE_RECURSION = YES;
				CLANG_WARN_INT_CONVERSION = YES;
				CLANG_WARN_NON_LITERAL_NULL_CONVERSION = YES;
				CLANG_WARN_OBJC_IMPLICIT_RETAIN_SELF = YES;
				CLANG_WARN_OBJC_LITERAL_CONVERSION = YES;
				CLANG_WARN_OBJC_ROOT_CLASS = YES_ERROR;
				CLANG_WARN_QUOTED_INCLUDE_IN_FRAMEWORK_HEADER = YES;
				CLANG_WARN_RANGE_LOOP_ANALYSIS = YES;
				CLANG_WARN_STRICT_PROTOTYPES = YES;
				CLANG_WARN_SUSPICIOUS_MOVE = YES;
				CLANG_WARN_UNGUARDED_AVAILABILITY = YES_AGGRESSIVE;
				CLANG_WARN_UNREACHABLE_CODE = YES;
				CLANG_WARN__DUPLICATE_METHOD_MATCH = YES;
				COPY_PHASE_STRIP = NO;
				DEBUG_INFORMATION_FORMAT = "dwarf-with-dsym";
				ENABLE_NS_ASSERTIONS = NO;
				ENABLE_STRICT_OBJC_MSGSEND = YES;
				GCC_C_LANGUAGE_STANDARD = gnu11;
				GCC_NO_COMMON_BLOCKS = YES;
				GCC_WARN_64_TO_32_BIT_CONVERSION = YES;
				GCC_WARN_ABOUT_RETURN_TYPE = YES_ERROR;
				GCC_WARN_UNDECLARED_SELECTOR = YES;
				GCC_WARN_UNINITIALIZED_AUTOS = YES_AGGRESSIVE;
				GCC_WARN_UNUSED_FUNCTION = YES;
				GCC_WARN_UNUSED_VARIABLE = YES;
				IPHONEOS_DEPLOYMENT_TARGET = 15.5;
				MTL_ENABLE_DEBUG_INFO = NO;
				MTL_FAST_MATH = YES;
				SDKROOT = iphoneos;
				SWIFT_COMPILATION_MODE = wholemodule;
				SWIFT_OPTIMIZATION_LEVEL = "-O";
				VALIDATE_PRODUCT = YES;
			};
			name = Release;
		};
		D28705E2288D36E1000B1AFA /* Debug */ = {
			isa = XCBuildConfiguration;
			buildSettings = {
				ASSETCATALOG_COMPILER_APPICON_NAME = AppIcon;
				ASSETCATALOG_COMPILER_GLOBAL_ACCENT_COLOR_NAME = AccentColor;
				CODE_SIGN_STYLE = Automatic;
				CURRENT_PROJECT_VERSION = 1;
				DEVELOPMENT_TEAM = ZL4KR75454;
				GENERATE_INFOPLIST_FILE = YES;
				INFOPLIST_FILE = day23challenge/Info.plist;
				INFOPLIST_KEY_UIApplicationSupportsIndirectInputEvents = YES;
				INFOPLIST_KEY_UILaunchStoryboardName = LaunchScreen;
				INFOPLIST_KEY_UIMainStoryboardFile = Main;
				INFOPLIST_KEY_UISupportedInterfaceOrientations_iPad = "UIInterfaceOrientationPortrait UIInterfaceOrientationPortraitUpsideDown UIInterfaceOrientationLandscapeLeft UIInterfaceOrientationLandscapeRight";
				INFOPLIST_KEY_UISupportedInterfaceOrientations_iPhone = "UIInterfaceOrientationPortrait UIInterfaceOrientationLandscapeLeft UIInterfaceOrientationLandscapeRight";
				LD_RUNPATH_SEARCH_PATHS = (
					"$(inherited)",
					"@executable_path/Frameworks",
				);
				MARKETING_VERSION = 1.0;
				PRODUCT_BUNDLE_IDENTIFIER = wutu..day23challenge;
				PRODUCT_NAME = "$(TARGET_NAME)";
				SWIFT_EMIT_LOC_STRINGS = YES;
				SWIFT_VERSION = 5.0;
				TARGETED_DEVICE_FAMILY = "1,2";
			};
			name = Debug;
		};
		D28705E3288D36E1000B1AFA /* Release */ = {
			isa = XCBuildConfiguration;
			buildSettings = {
				ASSETCATALOG_COMPILER_APPICON_NAME = AppIcon;
				ASSETCATALOG_COMPILER_GLOBAL_ACCENT_COLOR_NAME = AccentColor;
				CODE_SIGN_STYLE = Automatic;
				CURRENT_PROJECT_VERSION = 1;
				DEVELOPMENT_TEAM = ZL4KR75454;
				GENERATE_INFOPLIST_FILE = YES;
				INFOPLIST_FILE = day23challenge/Info.plist;
				INFOPLIST_KEY_UIApplicationSupportsIndirectInputEvents = YES;
				INFOPLIST_KEY_UILaunchStoryboardName = LaunchScreen;
				INFOPLIST_KEY_UIMainStoryboardFile = Main;
				INFOPLIST_KEY_UISupportedInterfaceOrientations_iPad = "UIInterfaceOrientationPortrait UIInterfaceOrientationPortraitUpsideDown UIInterfaceOrientationLandscapeLeft UIInterfaceOrientationLandscapeRight";
				INFOPLIST_KEY_UISupportedInterfaceOrientations_iPhone = "UIInterfaceOrientationPortrait UIInterfaceOrientationLandscapeLeft UIInterfaceOrientationLandscapeRight";
				LD_RUNPATH_SEARCH_PATHS = (
					"$(inherited)",
					"@executable_path/Frameworks",
				);
				MARKETING_VERSION = 1.0;
				PRODUCT_BUNDLE_IDENTIFIER = wutu..day23challenge;
				PRODUCT_NAME = "$(TARGET_NAME)";
				SWIFT_EMIT_LOC_STRINGS = YES;
				SWIFT_VERSION = 5.0;
				TARGETED_DEVICE_FAMILY = "1,2";
			};
			name = Release;
		};
/* End XCBuildConfiguration section */

/* Begin XCConfigurationList section */
		D28705C8288D36E0000B1AFA /* Build configuration list for PBXProject "day23challenge" */ = {
			isa = XCConfigurationList;
			buildConfigurations = (
				D28705DF288D36E1000B1AFA /* Debug */,
				D28705E0288D36E1000B1AFA /* Release */,
			);
			defaultConfigurationIsVisible = 0;
			defaultConfigurationName = Release;
		};
		D28705E1288D36E1000B1AFA /* Build configuration list for PBXNativeTarget "day23challenge" */ = {
			isa = XCConfigurationList;
			buildConfigurations = (
				D28705E2288D36E1000B1AFA /* Debug */,
				D28705E3288D36E1000B1AFA /* Release */,
			);
			defaultConfigurationIsVisible = 0;
			defaultConfigurationName = Release;
		};
/* End XCConfigurationList section */
	};
	rootObject = D28705C5288D36E0000B1AFA /* Project object */;
}
