// !$*UTF8*$!
{
	archiveVersion = 1;
	classes = {
	};
	objectVersion = 55;
	objects = {

/* Begin PBXBuildFile section */
		D21D7FFD28C0D354000BC1B9 /* DateFormatter.swift in Sources */ = {isa = PBXBuildFile; fileRef = D21D7FFC28C0D354000BC1B9 /* DateFormatter.swift */; };
		D21D800328C0E7B4000BC1B9 /* Contentview2.swift in Sources */ = {isa = PBXBuildFile; fileRef = D21D800228C0E7B4000BC1B9 /* Contentview2.swift */; };
		D23A5E7428F44C1300E6E8BB /* FilterButton.swift in Sources */ = {isa = PBXBuildFile; fileRef = D23A5E7328F44C1300E6E8BB /* FilterButton.swift */; };
		D244B91228F40AF20083D039 /* EmptyView.swift in Sources */ = {isa = PBXBuildFile; fileRef = D244B91128F40AF20083D039 /* EmptyView.swift */; };
		D26CD7FA28BE41CB00C8F603 /* Date.swift in Sources */ = {isa = PBXBuildFile; fileRef = D26CD7F928BE41CB00C8F603 /* Date.swift */; };
		D26CD7FC28BE41E100C8F603 /* ContentViewModel.swift in Sources */ = {isa = PBXBuildFile; fileRef = D26CD7FB28BE41E100C8F603 /* ContentViewModel.swift */; };
		D26F358F28F809E400817BE6 /* InputView.swift in Sources */ = {isa = PBXBuildFile; fileRef = D26F358E28F809E400817BE6 /* InputView.swift */; };
		D2EA2912290801BF000A57E7 /* DatePickerView.swift in Sources */ = {isa = PBXBuildFile; fileRef = D2EA2911290801BF000A57E7 /* DatePickerView.swift */; };
		D2F756C328B7B43E00AD9C84 /* ListViewSectionApp.swift in Sources */ = {isa = PBXBuildFile; fileRef = D2F756C228B7B43E00AD9C84 /* ListViewSectionApp.swift */; };
		D2F756C528B7B43E00AD9C84 /* ContentView.swift in Sources */ = {isa = PBXBuildFile; fileRef = D2F756C428B7B43E00AD9C84 /* ContentView.swift */; };
		D2F756C728B7B43F00AD9C84 /* Assets.xcassets in Resources */ = {isa = PBXBuildFile; fileRef = D2F756C628B7B43F00AD9C84 /* Assets.xcassets */; };
		D2F756CA28B7B43F00AD9C84 /* Preview Assets.xcassets in Resources */ = {isa = PBXBuildFile; fileRef = D2F756C928B7B43F00AD9C84 /* Preview Assets.xcassets */; };
		D2FF4D3F290969B9008DD77F /* SheetView.swift in Sources */ = {isa = PBXBuildFile; fileRef = D2FF4D3E290969B9008DD77F /* SheetView.swift */; };
		D2FFD4E828F5486400DACDA0 /* test.swift in Sources */ = {isa = PBXBuildFile; fileRef = D2FFD4E728F5486400DACDA0 /* test.swift */; };
/* End PBXBuildFile section */

/* Begin PBXFileReference section */
		D21D7FFC28C0D354000BC1B9 /* DateFormatter.swift */ = {isa = PBXFileReference; lastKnownFileType = sourcecode.swift; path = DateFormatter.swift; sourceTree = "<group>"; };
		D21D800228C0E7B4000BC1B9 /* Contentview2.swift */ = {isa = PBXFileReference; lastKnownFileType = sourcecode.swift; path = Contentview2.swift; sourceTree = "<group>"; };
		D23A5E7328F44C1300E6E8BB /* FilterButton.swift */ = {isa = PBXFileReference; lastKnownFileType = sourcecode.swift; path = FilterButton.swift; sourceTree = "<group>"; };
		D244B91128F40AF20083D039 /* EmptyView.swift */ = {isa = PBXFileReference; lastKnownFileType = sourcecode.swift; path = EmptyView.swift; sourceTree = "<group>"; };
		D26CD7F928BE41CB00C8F603 /* Date.swift */ = {isa = PBXFileReference; lastKnownFileType = sourcecode.swift; path = Date.swift; sourceTree = "<group>"; };
		D26CD7FB28BE41E100C8F603 /* ContentViewModel.swift */ = {isa = PBXFileReference; lastKnownFileType = sourcecode.swift; path = ContentViewModel.swift; sourceTree = "<group>"; };
		D26F358E28F809E400817BE6 /* InputView.swift */ = {isa = PBXFileReference; lastKnownFileType = sourcecode.swift; path = InputView.swift; sourceTree = "<group>"; };
		D2EA2911290801BF000A57E7 /* DatePickerView.swift */ = {isa = PBXFileReference; lastKnownFileType = sourcecode.swift; path = DatePickerView.swift; sourceTree = "<group>"; };
		D2F756BF28B7B43E00AD9C84 /* ListViewSection.app */ = {isa = PBXFileReference; explicitFileType = wrapper.application; includeInIndex = 0; path = ListViewSection.app; sourceTree = BUILT_PRODUCTS_DIR; };
		D2F756C228B7B43E00AD9C84 /* ListViewSectionApp.swift */ = {isa = PBXFileReference; lastKnownFileType = sourcecode.swift; path = ListViewSectionApp.swift; sourceTree = "<group>"; };
		D2F756C428B7B43E00AD9C84 /* ContentView.swift */ = {isa = PBXFileReference; lastKnownFileType = sourcecode.swift; path = ContentView.swift; sourceTree = "<group>"; };
		D2F756C628B7B43F00AD9C84 /* Assets.xcassets */ = {isa = PBXFileReference; lastKnownFileType = folder.assetcatalog; path = Assets.xcassets; sourceTree = "<group>"; };
		D2F756C928B7B43F00AD9C84 /* Preview Assets.xcassets */ = {isa = PBXFileReference; lastKnownFileType = folder.assetcatalog; path = "Preview Assets.xcassets"; sourceTree = "<group>"; };
		D2FF4D3E290969B9008DD77F /* SheetView.swift */ = {isa = PBXFileReference; lastKnownFileType = sourcecode.swift; path = SheetView.swift; sourceTree = "<group>"; };
		D2FFD4E728F5486400DACDA0 /* test.swift */ = {isa = PBXFileReference; lastKnownFileType = sourcecode.swift; path = test.swift; sourceTree = "<group>"; };
/* End PBXFileReference section */

/* Begin PBXFrameworksBuildPhase section */
		D2F756BC28B7B43E00AD9C84 /* Frameworks */ = {
			isa = PBXFrameworksBuildPhase;
			buildActionMask = 2147483647;
			files = (
			);
			runOnlyForDeploymentPostprocessing = 0;
		};
/* End PBXFrameworksBuildPhase section */

/* Begin PBXGroup section */
		D2F756B628B7B43E00AD9C84 = {
			isa = PBXGroup;
			children = (
				D2F756C128B7B43E00AD9C84 /* ListViewSection */,
				D2F756C028B7B43E00AD9C84 /* Products */,
			);
			sourceTree = "<group>";
		};
		D2F756C028B7B43E00AD9C84 /* Products */ = {
			isa = PBXGroup;
			children = (
				D2F756BF28B7B43E00AD9C84 /* ListViewSection.app */,
			);
			name = Products;
			sourceTree = "<group>";
		};
		D2F756C128B7B43E00AD9C84 /* ListViewSection */ = {
			isa = PBXGroup;
			children = (
				D2F756C228B7B43E00AD9C84 /* ListViewSectionApp.swift */,
				D23A5E7328F44C1300E6E8BB /* FilterButton.swift */,
				D2F756C428B7B43E00AD9C84 /* ContentView.swift */,
				D2FFD4E728F5486400DACDA0 /* test.swift */,
				D21D800228C0E7B4000BC1B9 /* Contentview2.swift */,
				D244B91128F40AF20083D039 /* EmptyView.swift */,
				D26CD7FB28BE41E100C8F603 /* ContentViewModel.swift */,
				D26CD7F928BE41CB00C8F603 /* Date.swift */,
				D21D7FFC28C0D354000BC1B9 /* DateFormatter.swift */,
				D26F358E28F809E400817BE6 /* InputView.swift */,
				D2FF4D3E290969B9008DD77F /* SheetView.swift */,
				D2EA2911290801BF000A57E7 /* DatePickerView.swift */,
				D2F756C628B7B43F00AD9C84 /* Assets.xcassets */,
				D2F756C828B7B43F00AD9C84 /* Preview Content */,
			);
			path = ListViewSection;
			sourceTree = "<group>";
		};
		D2F756C828B7B43F00AD9C84 /* Preview Content */ = {
			isa = PBXGroup;
			children = (
				D2F756C928B7B43F00AD9C84 /* Preview Assets.xcassets */,
			);
			path = "Preview Content";
			sourceTree = "<group>";
		};
/* End PBXGroup section */

/* Begin PBXNativeTarget section */
		D2F756BE28B7B43E00AD9C84 /* ListViewSection */ = {
			isa = PBXNativeTarget;
			buildConfigurationList = D2F756CD28B7B43F00AD9C84 /* Build configuration list for PBXNativeTarget "ListViewSection" */;
			buildPhases = (
				D2F756BB28B7B43E00AD9C84 /* Sources */,
				D2F756BC28B7B43E00AD9C84 /* Frameworks */,
				D2F756BD28B7B43E00AD9C84 /* Resources */,
			);
			buildRules = (
			);
			dependencies = (
			);
			name = ListViewSection;
			productName = ListViewSection;
			productReference = D2F756BF28B7B43E00AD9C84 /* ListViewSection.app */;
			productType = "com.apple.product-type.application";
		};
/* End PBXNativeTarget section */

/* Begin PBXProject section */
		D2F756B728B7B43E00AD9C84 /* Project object */ = {
			isa = PBXProject;
			attributes = {
				BuildIndependentTargetsInParallel = 1;
				LastSwiftUpdateCheck = 1340;
				LastUpgradeCheck = 1340;
				TargetAttributes = {
					D2F756BE28B7B43E00AD9C84 = {
						CreatedOnToolsVersion = 13.4.1;
					};
				};
			};
			buildConfigurationList = D2F756BA28B7B43E00AD9C84 /* Build configuration list for PBXProject "ListViewSection" */;
			compatibilityVersion = "Xcode 13.0";
			developmentRegion = en;
			hasScannedForEncodings = 0;
			knownRegions = (
				en,
				Base,
			);
			mainGroup = D2F756B628B7B43E00AD9C84;
			productRefGroup = D2F756C028B7B43E00AD9C84 /* Products */;
			projectDirPath = "";
			projectRoot = "";
			targets = (
				D2F756BE28B7B43E00AD9C84 /* ListViewSection */,
			);
		};
/* End PBXProject section */

/* Begin PBXResourcesBuildPhase section */
		D2F756BD28B7B43E00AD9C84 /* Resources */ = {
			isa = PBXResourcesBuildPhase;
			buildActionMask = 2147483647;
			files = (
				D2F756CA28B7B43F00AD9C84 /* Preview Assets.xcassets in Resources */,
				D2F756C728B7B43F00AD9C84 /* Assets.xcassets in Resources */,
			);
			runOnlyForDeploymentPostprocessing = 0;
		};
/* End PBXResourcesBuildPhase section */

/* Begin PBXSourcesBuildPhase section */
		D2F756BB28B7B43E00AD9C84 /* Sources */ = {
			isa = PBXSourcesBuildPhase;
			buildActionMask = 2147483647;
			files = (
				D26CD7FC28BE41E100C8F603 /* ContentViewModel.swift in Sources */,
				D23A5E7428F44C1300E6E8BB /* FilterButton.swift in Sources */,
				D2F756C528B7B43E00AD9C84 /* ContentView.swift in Sources */,
				D2EA2912290801BF000A57E7 /* DatePickerView.swift in Sources */,
				D26CD7FA28BE41CB00C8F603 /* Date.swift in Sources */,
				D2FFD4E828F5486400DACDA0 /* test.swift in Sources */,
				D2F756C328B7B43E00AD9C84 /* ListViewSectionApp.swift in Sources */,
				D21D7FFD28C0D354000BC1B9 /* DateFormatter.swift in Sources */,
				D26F358F28F809E400817BE6 /* InputView.swift in Sources */,
				D244B91228F40AF20083D039 /* EmptyView.swift in Sources */,
				D2FF4D3F290969B9008DD77F /* SheetView.swift in Sources */,
				D21D800328C0E7B4000BC1B9 /* Contentview2.swift in Sources */,
			);
			runOnlyForDeploymentPostprocessing = 0;
		};
/* End PBXSourcesBuildPhase section */

/* Begin XCBuildConfiguration section */
		D2F756CB28B7B43F00AD9C84 /* Debug */ = {
			isa = XCBuildConfiguration;
			buildSettings = {
				ALWAYS_SEARCH_USER_PATHS = NO;
				CLANG_ANALYZER_NONNULL = YES;
				CLANG_ANALYZER_NUMBER_OBJECT_CONVERSION = YES_AGGRESSIVE;
				CLANG_CXX_LANGUAGE_STANDARD = "gnu++17";
				CLANG_ENABLE_MODULES = YES;
				CLANG_ENABLE_OBJC_ARC = YES;
				CLANG_ENABLE_OBJC_WEAK = YES;
				CLANG_WARN_BLOCK_CAPTURE_AUTORELEASING = YES;
				CLANG_WARN_BOOL_CONVERSION = YES;
				CLANG_WARN_COMMA = YES;
				CLANG_WARN_CONSTANT_CONVERSION = YES;
				CLANG_WARN_DEPRECATED_OBJC_IMPLEMENTATIONS = YES;
				CLANG_WARN_DIRECT_OBJC_ISA_USAGE = YES_ERROR;
				CLANG_WARN_DOCUMENTATION_COMMENTS = YES;
				CLANG_WARN_EMPTY_BODY = YES;
				CLANG_WARN_ENUM_CONVERSION = YES;
				CLANG_WARN_INFINITE_RECURSION = YES;
				CLANG_WARN_INT_CONVERSION = YES;
				CLANG_WARN_NON_LITERAL_NULL_CONVERSION = YES;
				CLANG_WARN_OBJC_IMPLICIT_RETAIN_SELF = YES;
				CLANG_WARN_OBJC_LITERAL_CONVERSION = YES;
				CLANG_WARN_OBJC_ROOT_CLASS = YES_ERROR;
				CLANG_WARN_QUOTED_INCLUDE_IN_FRAMEWORK_HEADER = YES;
				CLANG_WARN_RANGE_LOOP_ANALYSIS = YES;
				CLANG_WARN_STRICT_PROTOTYPES = YES;
				CLANG_WARN_SUSPICIOUS_MOVE = YES;
				CLANG_WARN_UNGUARDED_AVAILABILITY = YES_AGGRESSIVE;
				CLANG_WARN_UNREACHABLE_CODE = YES;
				CLANG_WARN__DUPLICATE_METHOD_MATCH = YES;
				COPY_PHASE_STRIP = NO;
				DEBUG_INFORMATION_FORMAT = dwarf;
				ENABLE_STRICT_OBJC_MSGSEND = YES;
				ENABLE_TESTABILITY = YES;
				GCC_C_LANGUAGE_STANDARD = gnu11;
				GCC_DYNAMIC_NO_PIC = NO;
				GCC_NO_COMMON_BLOCKS = YES;
				GCC_OPTIMIZATION_LEVEL = 0;
				GCC_PREPROCESSOR_DEFINITIONS = (
					"DEBUG=1",
					"$(inherited)",
				);
				GCC_WARN_64_TO_32_BIT_CONVERSION = YES;
				GCC_WARN_ABOUT_RETURN_TYPE = YES_ERROR;
				GCC_WARN_UNDECLARED_SELECTOR = YES;
				GCC_WARN_UNINITIALIZED_AUTOS = YES_AGGRESSIVE;
				GCC_WARN_UNUSED_FUNCTION = YES;
				GCC_WARN_UNUSED_VARIABLE = YES;
				IPHONEOS_DEPLOYMENT_TARGET = 15.5;
				MTL_ENABLE_DEBUG_INFO = INCLUDE_SOURCE;
				MTL_FAST_MATH = YES;
				ONLY_ACTIVE_ARCH = YES;
				SDKROOT = iphoneos;
				SWIFT_ACTIVE_COMPILATION_CONDITIONS = DEBUG;
				SWIFT_OPTIMIZATION_LEVEL = "-Onone";
			};
			name = Debug;
		};
		D2F756CC28B7B43F00AD9C84 /* Release */ = {
			isa = XCBuildConfiguration;
			buildSettings = {
				ALWAYS_SEARCH_USER_PATHS = NO;
				CLANG_ANALYZER_NONNULL = YES;
				CLANG_ANALYZER_NUMBER_OBJECT_CONVERSION = YES_AGGRESSIVE;
				CLANG_CXX_LANGUAGE_STANDARD = "gnu++17";
				CLANG_ENABLE_MODULES = YES;
				CLANG_ENABLE_OBJC_ARC = YES;
				CLANG_ENABLE_OBJC_WEAK = YES;
				CLANG_WARN_BLOCK_CAPTURE_AUTORELEASING = YES;
				CLANG_WARN_BOOL_CONVERSION = YES;
				CLANG_WARN_COMMA = YES;
				CLANG_WARN_CONSTANT_CONVERSION = YES;
				CLANG_WARN_DEPRECATED_OBJC_IMPLEMENTATIONS = YES;
				CLANG_WARN_DIRECT_OBJC_ISA_USAGE = YES_ERROR;
				CLANG_WARN_DOCUMENTATION_COMMENTS = YES;
				CLANG_WARN_EMPTY_BODY = YES;
				CLANG_WARN_ENUM_CONVERSION = YES;
				CLANG_WARN_INFINITE_RECURSION = YES;
				CLANG_WARN_INT_CONVERSION = YES;
				CLANG_WARN_NON_LITERAL_NULL_CONVERSION = YES;
				CLANG_WARN_OBJC_IMPLICIT_RETAIN_SELF = YES;
				CLANG_WARN_OBJC_LITERAL_CONVERSION = YES;
				CLANG_WARN_OBJC_ROOT_CLASS = YES_ERROR;
				CLANG_WARN_QUOTED_INCLUDE_IN_FRAMEWORK_HEADER = YES;
				CLANG_WARN_RANGE_LOOP_ANALYSIS = YES;
				CLANG_WARN_STRICT_PROTOTYPES = YES;
				CLANG_WARN_SUSPICIOUS_MOVE = YES;
				CLANG_WARN_UNGUARDED_AVAILABILITY = YES_AGGRESSIVE;
				CLANG_WARN_UNREACHABLE_CODE = YES;
				CLANG_WARN__DUPLICATE_METHOD_MATCH = YES;
				COPY_PHASE_STRIP = NO;
				DEBUG_INFORMATION_FORMAT = "dwarf-with-dsym";
				ENABLE_NS_ASSERTIONS = NO;
				ENABLE_STRICT_OBJC_MSGSEND = YES;
				GCC_C_LANGUAGE_STANDARD = gnu11;
				GCC_NO_COMMON_BLOCKS = YES;
				GCC_WARN_64_TO_32_BIT_CONVERSION = YES;
				GCC_WARN_ABOUT_RETURN_TYPE = YES_ERROR;
				GCC_WARN_UNDECLARED_SELECTOR = YES;
				GCC_WARN_UNINITIALIZED_AUTOS = YES_AGGRESSIVE;
				GCC_WARN_UNUSED_FUNCTION = YES;
				GCC_WARN_UNUSED_VARIABLE = YES;
				IPHONEOS_DEPLOYMENT_TARGET = 15.5;
				MTL_ENABLE_DEBUG_INFO = NO;
				MTL_FAST_MATH = YES;
				SDKROOT = iphoneos;
				SWIFT_COMPILATION_MODE = wholemodule;
				SWIFT_OPTIMIZATION_LEVEL = "-O";
				VALIDATE_PRODUCT = YES;
			};
			name = Release;
		};
		D2F756CE28B7B43F00AD9C84 /* Debug */ = {
			isa = XCBuildConfiguration;
			buildSettings = {
				ASSETCATALOG_COMPILER_APPICON_NAME = AppIcon;
				ASSETCATALOG_COMPILER_GLOBAL_ACCENT_COLOR_NAME = AccentColor;
				CODE_SIGN_STYLE = Automatic;
				CURRENT_PROJECT_VERSION = 1;
				DEVELOPMENT_ASSET_PATHS = "\"ListViewSection/Preview Content\"";
				DEVELOPMENT_TEAM = ZL4KR75454;
				ENABLE_PREVIEWS = YES;
				GENERATE_INFOPLIST_FILE = YES;
				INFOPLIST_KEY_UIApplicationSceneManifest_Generation = YES;
				INFOPLIST_KEY_UIApplicationSupportsIndirectInputEvents = YES;
				INFOPLIST_KEY_UILaunchScreen_Generation = YES;
				INFOPLIST_KEY_UISupportedInterfaceOrientations_iPad = "UIInterfaceOrientationPortrait UIInterfaceOrientationPortraitUpsideDown UIInterfaceOrientationLandscapeLeft UIInterfaceOrientationLandscapeRight";
				INFOPLIST_KEY_UISupportedInterfaceOrientations_iPhone = "UIInterfaceOrientationPortrait UIInterfaceOrientationLandscapeLeft UIInterfaceOrientationLandscapeRight";
				LD_RUNPATH_SEARCH_PATHS = (
					"$(inherited)",
					"@executable_path/Frameworks",
				);
				MARKETING_VERSION = 1.0;
				PRODUCT_BUNDLE_IDENTIFIER = wutu.ListViewSection;
				PRODUCT_NAME = "$(TARGET_NAME)";
				SWIFT_EMIT_LOC_STRINGS = YES;
				SWIFT_VERSION = 5.0;
				TARGETED_DEVICE_FAMILY = "1,2";
			};
			name = Debug;
		};
		D2F756CF28B7B43F00AD9C84 /* Release */ = {
			isa = XCBuildConfiguration;
			buildSettings = {
				ASSETCATALOG_COMPILER_APPICON_NAME = AppIcon;
				ASSETCATALOG_COMPILER_GLOBAL_ACCENT_COLOR_NAME = AccentColor;
				CODE_SIGN_STYLE = Automatic;
				CURRENT_PROJECT_VERSION = 1;
				DEVELOPMENT_ASSET_PATHS = "\"ListViewSection/Preview Content\"";
				DEVELOPMENT_TEAM = ZL4KR75454;
				ENABLE_PREVIEWS = YES;
				GENERATE_INFOPLIST_FILE = YES;
				INFOPLIST_KEY_UIApplicationSceneManifest_Generation = YES;
				INFOPLIST_KEY_UIApplicationSupportsIndirectInputEvents = YES;
				INFOPLIST_KEY_UILaunchScreen_Generation = YES;
				INFOPLIST_KEY_UISupportedInterfaceOrientations_iPad = "UIInterfaceOrientationPortrait UIInterfaceOrientationPortraitUpsideDown UIInterfaceOrientationLandscapeLeft UIInterfaceOrientationLandscapeRight";
				INFOPLIST_KEY_UISupportedInterfaceOrientations_iPhone = "UIInterfaceOrientationPortrait UIInterfaceOrientationLandscapeLeft UIInterfaceOrientationLandscapeRight";
				LD_RUNPATH_SEARCH_PATHS = (
					"$(inherited)",
					"@executable_path/Frameworks",
				);
				MARKETING_VERSION = 1.0;
				PRODUCT_BUNDLE_IDENTIFIER = wutu.ListViewSection;
				PRODUCT_NAME = "$(TARGET_NAME)";
				SWIFT_EMIT_LOC_STRINGS = YES;
				SWIFT_VERSION = 5.0;
				TARGETED_DEVICE_FAMILY = "1,2";
			};
			name = Release;
		};
/* End XCBuildConfiguration section */

/* Begin XCConfigurationList section */
		D2F756BA28B7B43E00AD9C84 /* Build configuration list for PBXProject "ListViewSection" */ = {
			isa = XCConfigurationList;
			buildConfigurations = (
				D2F756CB28B7B43F00AD9C84 /* Debug */,
				D2F756CC28B7B43F00AD9C84 /* Release */,
			);
			defaultConfigurationIsVisible = 0;
			defaultConfigurationName = Release;
		};
		D2F756CD28B7B43F00AD9C84 /* Build configuration list for PBXNativeTarget "ListViewSection" */ = {
			isa = XCConfigurationList;
			buildConfigurations = (
				D2F756CE28B7B43F00AD9C84 /* Debug */,
				D2F756CF28B7B43F00AD9C84 /* Release */,
			);
			defaultConfigurationIsVisible = 0;
			defaultConfigurationName = Release;
		};
/* End XCConfigurationList section */
	};
	rootObject = D2F756B728B7B43E00AD9C84 /* Project object */;
}
